{
  "requires": true,
  "lockfileVersion": 1,
  "dependencies": {
    "@types/dom-inputevent": {
      "version": "1.0.5",
      "resolved": "https://registry.npmjs.org/@types/dom-inputevent/-/dom-inputevent-1.0.5.tgz",
      "integrity": "sha512-oL8NzIAn1J8vsIigjEM2qip6PUBRkb1kE+3gbM+NvSCzrScgz+Ixymuv9Z9jmktVjeHWMJc9zhP49YBUBeCTaQ=="
    },
    "@types/mithril": {
      "version": "2.0.0",
      "resolved": "https://registry.npmjs.org/@types/mithril/-/mithril-2.0.0.tgz",
      "integrity": "sha512-Bjjs5a7xc6eC207ZE1tR7ssnMoF8d3VVcupmzbhFaP2nM4G1Jpm1oqrvAiu+ys0OLKYUQjxNALUerHDPHbuwfA=="
    }
  }
}
